{
  "name": "parcel-plugin-wasmbindgen",
  "version": "1.0.8",
  "lockfileVersion": 1,
  "requires": true,
  "dependencies": {
    "command-exists": {
      "version": "1.2.7",
      "resolved": "https://registry.npmjs.org/command-exists/-/command-exists-1.2.7.tgz",
      "integrity": "sha512-doWDvhXCcW5LK0cIUWrOQ8oMFXJv3lEQCkJpGVjM8v9SV0uhqYXB943538tEA2CiaWqSyuYUGAm5ezDwEx9xlw=="
    }
  }
}
